
Microsoft Visual Studio Solution File, Format Version 12.00
# Visual Studio Version 16
VisualStudioVersion = 16.0.32002.261
MinimumVisualStudioVersion = 10.0.40219.1
Project("{FAE04EC0-301F-11D3-BF4B-00C04F79EFBC}") = "Subat25_1", "Subat25_1\Subat25_1.csproj", "{539E0784-40B1-4867-BA33-102AFCF26DE4}"
EndProject
Project("{FAE04EC0-301F-11D3-BF4B-00C04F79EFBC}") = "Matematik", "Matematik\Matematik.csproj", "{D4EB3810-87AD-478B-924E-02BBEF3C3A85}"
EndProject
Global
	GlobalSection(SolutionConfigurationPlatforms) = preSolution
		Debug|Any CPU = Debug|Any CPU
		Release|Any CPU = Release|Any CPU
	EndGlobalSection
	GlobalSection(ProjectConfigurationPlatforms) = postSolution
		{539E0784-40B1-4867-BA33-102AFCF26DE4}.Debug|Any CPU.ActiveCfg = Debug|Any CPU
		{539E0784-40B1-4867-BA33-102AFCF26DE4}.Debug|Any CPU.Build.0 = Debug|Any CPU
		{539E0784-40B1-4867-BA33-102AFCF26DE4}.Release|Any CPU.ActiveCfg = Release|Any CPU
		{539E0784-40B1-4867-BA33-102AFCF26DE4}.Release|Any CPU.Build.0 = Release|Any CPU
		{D4EB3810-87AD-478B-924E-02BBEF3C3A85}.Debug|Any CPU.ActiveCfg = Debug|Any CPU
		{D4EB3810-87AD-478B-924E-02BBEF3C3A85}.Debug|Any CPU.Build.0 = Debug|Any CPU
		{D4EB3810-87AD-478B-924E-02BBEF3C3A85}.Release|Any CPU.ActiveCfg = Release|Any CPU
		{D4EB3810-87AD-478B-924E-02BBEF3C3A85}.Release|Any CPU.Build.0 = Release|Any CPU
	EndGlobalSection
	GlobalSection(SolutionProperties) = preSolution
		HideSolutionNode = FALSE
	EndGlobalSection
	GlobalSection(ExtensibilityGlobals) = postSolution
		SolutionGuid = {194BD0F5-8A92-4CE0-813E-D8FB399D98F0}
	EndGlobalSection
EndGlobal
