
Microsoft Visual Studio Solution File, Format Version 12.00
# Visual Studio Version 16
VisualStudioVersion = 16.0.32002.261
MinimumVisualStudioVersion = 10.0.40219.1
Project("{FAE04EC0-301F-11D3-BF4B-00C04F79EFBC}") = "Ders_11_OOP_Encapsulation", "Ders_11_OOP_Encapsulation\Ders_11_OOP_Encapsulation.csproj", "{1204DD18-1F3E-419B-80D5-086801FBD981}"
EndProject
Global
	GlobalSection(SolutionConfigurationPlatforms) = preSolution
		Debug|Any CPU = Debug|Any CPU
		Release|Any CPU = Release|Any CPU
	EndGlobalSection
	GlobalSection(ProjectConfigurationPlatforms) = postSolution
		{1204DD18-1F3E-419B-80D5-086801FBD981}.Debug|Any CPU.ActiveCfg = Debug|Any CPU
		{1204DD18-1F3E-419B-80D5-086801FBD981}.Debug|Any CPU.Build.0 = Debug|Any CPU
		{1204DD18-1F3E-419B-80D5-086801FBD981}.Release|Any CPU.ActiveCfg = Release|Any CPU
		{1204DD18-1F3E-419B-80D5-086801FBD981}.Release|Any CPU.Build.0 = Release|Any CPU
	EndGlobalSection
	GlobalSection(SolutionProperties) = preSolution
		HideSolutionNode = FALSE
	EndGlobalSection
	GlobalSection(ExtensibilityGlobals) = postSolution
		SolutionGuid = {7F42ECB3-DF47-4E9E-AB6B-FD4A649A487C}
	EndGlobalSection
EndGlobal
