
Microsoft Visual Studio Solution File, Format Version 12.00
# Visual Studio Version 16
VisualStudioVersion = 16.0.32002.261
MinimumVisualStudioVersion = 10.0.40219.1
Project("{FAE04EC0-301F-11D3-BF4B-00C04F79EFBC}") = "Subat24_2", "Subat24_2\Subat24_2.csproj", "{F5C1EC07-E54F-4D76-8B4F-D8F4624211AA}"
EndProject
Global
	GlobalSection(SolutionConfigurationPlatforms) = preSolution
		Debug|Any CPU = Debug|Any CPU
		Release|Any CPU = Release|Any CPU
	EndGlobalSection
	GlobalSection(ProjectConfigurationPlatforms) = postSolution
		{F5C1EC07-E54F-4D76-8B4F-D8F4624211AA}.Debug|Any CPU.ActiveCfg = Debug|Any CPU
		{F5C1EC07-E54F-4D76-8B4F-D8F4624211AA}.Debug|Any CPU.Build.0 = Debug|Any CPU
		{F5C1EC07-E54F-4D76-8B4F-D8F4624211AA}.Release|Any CPU.ActiveCfg = Release|Any CPU
		{F5C1EC07-E54F-4D76-8B4F-D8F4624211AA}.Release|Any CPU.Build.0 = Release|Any CPU
	EndGlobalSection
	GlobalSection(SolutionProperties) = preSolution
		HideSolutionNode = FALSE
	EndGlobalSection
	GlobalSection(ExtensibilityGlobals) = postSolution
		SolutionGuid = {EA29BD96-25A9-4E4D-871D-12F8301E2B44}
	EndGlobalSection
EndGlobal
