
Microsoft Visual Studio Solution File, Format Version 12.00
# Visual Studio Version 16
VisualStudioVersion = 16.0.32002.261
MinimumVisualStudioVersion = 10.0.40219.1
Project("{FAE04EC0-301F-11D3-BF4B-00C04F79EFBC}") = "Subat21_2", "Subat21_2\Subat21_2.csproj", "{ED9C4F39-B244-45A2-8CFA-DC880CDCA824}"
EndProject
Global
	GlobalSection(SolutionConfigurationPlatforms) = preSolution
		Debug|Any CPU = Debug|Any CPU
		Release|Any CPU = Release|Any CPU
	EndGlobalSection
	GlobalSection(ProjectConfigurationPlatforms) = postSolution
		{ED9C4F39-B244-45A2-8CFA-DC880CDCA824}.Debug|Any CPU.ActiveCfg = Debug|Any CPU
		{ED9C4F39-B244-45A2-8CFA-DC880CDCA824}.Debug|Any CPU.Build.0 = Debug|Any CPU
		{ED9C4F39-B244-45A2-8CFA-DC880CDCA824}.Release|Any CPU.ActiveCfg = Release|Any CPU
		{ED9C4F39-B244-45A2-8CFA-DC880CDCA824}.Release|Any CPU.Build.0 = Release|Any CPU
	EndGlobalSection
	GlobalSection(SolutionProperties) = preSolution
		HideSolutionNode = FALSE
	EndGlobalSection
	GlobalSection(ExtensibilityGlobals) = postSolution
		SolutionGuid = {7E836239-3F3B-4C29-9C33-AFD3182F367A}
	EndGlobalSection
EndGlobal
