
Microsoft Visual Studio Solution File, Format Version 12.00
# Visual Studio Version 16
VisualStudioVersion = 16.0.32002.261
MinimumVisualStudioVersion = 10.0.40219.1
Project("{FAE04EC0-301F-11D3-BF4B-00C04F79EFBC}") = "OOP", "OOP\OOP.csproj", "{EE925839-A810-4BCB-9848-04649565EAED}"
EndProject
Global
	GlobalSection(SolutionConfigurationPlatforms) = preSolution
		Debug|Any CPU = Debug|Any CPU
		Release|Any CPU = Release|Any CPU
	EndGlobalSection
	GlobalSection(ProjectConfigurationPlatforms) = postSolution
		{EE925839-A810-4BCB-9848-04649565EAED}.Debug|Any CPU.ActiveCfg = Debug|Any CPU
		{EE925839-A810-4BCB-9848-04649565EAED}.Debug|Any CPU.Build.0 = Debug|Any CPU
		{EE925839-A810-4BCB-9848-04649565EAED}.Release|Any CPU.ActiveCfg = Release|Any CPU
		{EE925839-A810-4BCB-9848-04649565EAED}.Release|Any CPU.Build.0 = Release|Any CPU
	EndGlobalSection
	GlobalSection(SolutionProperties) = preSolution
		HideSolutionNode = FALSE
	EndGlobalSection
	GlobalSection(ExtensibilityGlobals) = postSolution
		SolutionGuid = {BE90F415-9384-415B-A25C-22B66E7932DF}
	EndGlobalSection
EndGlobal
