
Microsoft Visual Studio Solution File, Format Version 12.00
# Visual Studio Version 16
VisualStudioVersion = 16.0.32002.261
MinimumVisualStudioVersion = 10.0.40219.1
Project("{FAE04EC0-301F-11D3-BF4B-00C04F79EFBC}") = "Subat21_6", "Subat21_6\Subat21_6.csproj", "{93E6EED7-1F73-42C2-BF83-A87E3ACA9B94}"
EndProject
Global
	GlobalSection(SolutionConfigurationPlatforms) = preSolution
		Debug|Any CPU = Debug|Any CPU
		Release|Any CPU = Release|Any CPU
	EndGlobalSection
	GlobalSection(ProjectConfigurationPlatforms) = postSolution
		{93E6EED7-1F73-42C2-BF83-A87E3ACA9B94}.Debug|Any CPU.ActiveCfg = Debug|Any CPU
		{93E6EED7-1F73-42C2-BF83-A87E3ACA9B94}.Debug|Any CPU.Build.0 = Debug|Any CPU
		{93E6EED7-1F73-42C2-BF83-A87E3ACA9B94}.Release|Any CPU.ActiveCfg = Release|Any CPU
		{93E6EED7-1F73-42C2-BF83-A87E3ACA9B94}.Release|Any CPU.Build.0 = Release|Any CPU
	EndGlobalSection
	GlobalSection(SolutionProperties) = preSolution
		HideSolutionNode = FALSE
	EndGlobalSection
	GlobalSection(ExtensibilityGlobals) = postSolution
		SolutionGuid = {1F713D70-F0EB-49DC-889C-B9A405558488}
	EndGlobalSection
EndGlobal
