
Microsoft Visual Studio Solution File, Format Version 12.00
# Visual Studio Version 16
VisualStudioVersion = 16.0.32002.261
MinimumVisualStudioVersion = 10.0.40219.1
Project("{FAE04EC0-301F-11D3-BF4B-00C04F79EFBC}") = "Subat24_3", "Subat24_3\Subat24_3.csproj", "{4C05B4B9-3894-4B24-9ECB-2A72C3178EF4}"
EndProject
Global
	GlobalSection(SolutionConfigurationPlatforms) = preSolution
		Debug|Any CPU = Debug|Any CPU
		Release|Any CPU = Release|Any CPU
	EndGlobalSection
	GlobalSection(ProjectConfigurationPlatforms) = postSolution
		{4C05B4B9-3894-4B24-9ECB-2A72C3178EF4}.Debug|Any CPU.ActiveCfg = Debug|Any CPU
		{4C05B4B9-3894-4B24-9ECB-2A72C3178EF4}.Debug|Any CPU.Build.0 = Debug|Any CPU
		{4C05B4B9-3894-4B24-9ECB-2A72C3178EF4}.Release|Any CPU.ActiveCfg = Release|Any CPU
		{4C05B4B9-3894-4B24-9ECB-2A72C3178EF4}.Release|Any CPU.Build.0 = Release|Any CPU
	EndGlobalSection
	GlobalSection(SolutionProperties) = preSolution
		HideSolutionNode = FALSE
	EndGlobalSection
	GlobalSection(ExtensibilityGlobals) = postSolution
		SolutionGuid = {46974BBE-A7F1-4EBE-A590-A0655A73CF8C}
	EndGlobalSection
EndGlobal
