
Microsoft Visual Studio Solution File, Format Version 12.00
# Visual Studio Version 16
VisualStudioVersion = 16.0.32002.261
MinimumVisualStudioVersion = 10.0.40219.1
Project("{FAE04EC0-301F-11D3-BF4B-00C04F79EFBC}") = "Subat18_9", "Subat18_9\Subat18_9.csproj", "{B0D4A541-A916-4AED-A86B-BDBCAEC48A85}"
EndProject
Global
	GlobalSection(SolutionConfigurationPlatforms) = preSolution
		Debug|Any CPU = Debug|Any CPU
		Release|Any CPU = Release|Any CPU
	EndGlobalSection
	GlobalSection(ProjectConfigurationPlatforms) = postSolution
		{B0D4A541-A916-4AED-A86B-BDBCAEC48A85}.Debug|Any CPU.ActiveCfg = Debug|Any CPU
		{B0D4A541-A916-4AED-A86B-BDBCAEC48A85}.Debug|Any CPU.Build.0 = Debug|Any CPU
		{B0D4A541-A916-4AED-A86B-BDBCAEC48A85}.Release|Any CPU.ActiveCfg = Release|Any CPU
		{B0D4A541-A916-4AED-A86B-BDBCAEC48A85}.Release|Any CPU.Build.0 = Release|Any CPU
	EndGlobalSection
	GlobalSection(SolutionProperties) = preSolution
		HideSolutionNode = FALSE
	EndGlobalSection
	GlobalSection(ExtensibilityGlobals) = postSolution
		SolutionGuid = {511722E3-D543-4DF7-A0E1-9E4DDBD6AD04}
	EndGlobalSection
EndGlobal
