
Microsoft Visual Studio Solution File, Format Version 12.00
# Visual Studio Version 16
VisualStudioVersion = 16.0.32002.261
MinimumVisualStudioVersion = 10.0.40219.1
Project("{FAE04EC0-301F-11D3-BF4B-00C04F79EFBC}") = "Subat15_inheritance", "Subat15_inheritance\Subat15_inheritance.csproj", "{9CDE6788-6FE4-4933-BF31-2080C422CDE2}"
EndProject
Project("{FAE04EC0-301F-11D3-BF4B-00C04F79EFBC}") = "Subat15_Sekil", "Subat15_Sekil\Subat15_Sekil.csproj", "{42FBBCA1-3FEA-439C-B13D-82F920521054}"
EndProject
Global
	GlobalSection(SolutionConfigurationPlatforms) = preSolution
		Debug|Any CPU = Debug|Any CPU
		Release|Any CPU = Release|Any CPU
	EndGlobalSection
	GlobalSection(ProjectConfigurationPlatforms) = postSolution
		{9CDE6788-6FE4-4933-BF31-2080C422CDE2}.Debug|Any CPU.ActiveCfg = Debug|Any CPU
		{9CDE6788-6FE4-4933-BF31-2080C422CDE2}.Debug|Any CPU.Build.0 = Debug|Any CPU
		{9CDE6788-6FE4-4933-BF31-2080C422CDE2}.Release|Any CPU.ActiveCfg = Release|Any CPU
		{9CDE6788-6FE4-4933-BF31-2080C422CDE2}.Release|Any CPU.Build.0 = Release|Any CPU
		{42FBBCA1-3FEA-439C-B13D-82F920521054}.Debug|Any CPU.ActiveCfg = Debug|Any CPU
		{42FBBCA1-3FEA-439C-B13D-82F920521054}.Debug|Any CPU.Build.0 = Debug|Any CPU
		{42FBBCA1-3FEA-439C-B13D-82F920521054}.Release|Any CPU.ActiveCfg = Release|Any CPU
		{42FBBCA1-3FEA-439C-B13D-82F920521054}.Release|Any CPU.Build.0 = Release|Any CPU
	EndGlobalSection
	GlobalSection(SolutionProperties) = preSolution
		HideSolutionNode = FALSE
	EndGlobalSection
	GlobalSection(ExtensibilityGlobals) = postSolution
		SolutionGuid = {1055D6AD-E105-4EC7-9C9A-6A2525BE70A9}
	EndGlobalSection
EndGlobal
