
Microsoft Visual Studio Solution File, Format Version 12.00
# Visual Studio Version 16
VisualStudioVersion = 16.0.32002.261
MinimumVisualStudioVersion = 10.0.40219.1
Project("{FAE04EC0-301F-11D3-BF4B-00C04F79EFBC}") = "Subat22_3_Delegeler", "Subat22_3_Delegeler\Subat22_3_Delegeler.csproj", "{444E6CC3-9C37-4C37-BCD3-87F66ECBF08A}"
EndProject
Project("{FAE04EC0-301F-11D3-BF4B-00C04F79EFBC}") = "Subat22_4", "..\Subat22_4\Subat22_4.csproj", "{04378D7A-91F1-42A2-BC48-FBEA77442EF4}"
EndProject
Global
	GlobalSection(SolutionConfigurationPlatforms) = preSolution
		Debug|Any CPU = Debug|Any CPU
		Release|Any CPU = Release|Any CPU
	EndGlobalSection
	GlobalSection(ProjectConfigurationPlatforms) = postSolution
		{444E6CC3-9C37-4C37-BCD3-87F66ECBF08A}.Debug|Any CPU.ActiveCfg = Debug|Any CPU
		{444E6CC3-9C37-4C37-BCD3-87F66ECBF08A}.Debug|Any CPU.Build.0 = Debug|Any CPU
		{444E6CC3-9C37-4C37-BCD3-87F66ECBF08A}.Release|Any CPU.ActiveCfg = Release|Any CPU
		{444E6CC3-9C37-4C37-BCD3-87F66ECBF08A}.Release|Any CPU.Build.0 = Release|Any CPU
		{04378D7A-91F1-42A2-BC48-FBEA77442EF4}.Debug|Any CPU.ActiveCfg = Debug|Any CPU
		{04378D7A-91F1-42A2-BC48-FBEA77442EF4}.Debug|Any CPU.Build.0 = Debug|Any CPU
		{04378D7A-91F1-42A2-BC48-FBEA77442EF4}.Release|Any CPU.ActiveCfg = Release|Any CPU
		{04378D7A-91F1-42A2-BC48-FBEA77442EF4}.Release|Any CPU.Build.0 = Release|Any CPU
	EndGlobalSection
	GlobalSection(SolutionProperties) = preSolution
		HideSolutionNode = FALSE
	EndGlobalSection
	GlobalSection(ExtensibilityGlobals) = postSolution
		SolutionGuid = {6DBFEB48-C36D-4DA6-9AAF-AB03E27D76D4}
	EndGlobalSection
EndGlobal
