
Microsoft Visual Studio Solution File, Format Version 12.00
# Visual Studio Version 16
VisualStudioVersion = 16.0.32126.315
MinimumVisualStudioVersion = 10.0.40219.1
Project("{FAE04EC0-301F-11D3-BF4B-00C04F79EFBC}") = "YapiciMetot_calisma", "YapiciMetot_calisma\YapiciMetot_calisma.csproj", "{F6ECDF9D-78AB-4E8D-BC66-3FC8E4381E0E}"
EndProject
Global
	GlobalSection(SolutionConfigurationPlatforms) = preSolution
		Debug|Any CPU = Debug|Any CPU
		Release|Any CPU = Release|Any CPU
	EndGlobalSection
	GlobalSection(ProjectConfigurationPlatforms) = postSolution
		{F6ECDF9D-78AB-4E8D-BC66-3FC8E4381E0E}.Debug|Any CPU.ActiveCfg = Debug|Any CPU
		{F6ECDF9D-78AB-4E8D-BC66-3FC8E4381E0E}.Debug|Any CPU.Build.0 = Debug|Any CPU
		{F6ECDF9D-78AB-4E8D-BC66-3FC8E4381E0E}.Release|Any CPU.ActiveCfg = Release|Any CPU
		{F6ECDF9D-78AB-4E8D-BC66-3FC8E4381E0E}.Release|Any CPU.Build.0 = Release|Any CPU
	EndGlobalSection
	GlobalSection(SolutionProperties) = preSolution
		HideSolutionNode = FALSE
	EndGlobalSection
	GlobalSection(ExtensibilityGlobals) = postSolution
		SolutionGuid = {2C39DFA0-067C-43E1-BB9A-61C5F6A76603}
	EndGlobalSection
EndGlobal
