
Microsoft Visual Studio Solution File, Format Version 12.00
# Visual Studio Version 16
VisualStudioVersion = 16.0.32002.261
MinimumVisualStudioVersion = 10.0.40219.1
Project("{FAE04EC0-301F-11D3-BF4B-00C04F79EFBC}") = "Subat21_5", "Subat21_5\Subat21_5.csproj", "{894DC01E-D7B3-478B-AD14-C7A0FBFE9DAE}"
EndProject
Global
	GlobalSection(SolutionConfigurationPlatforms) = preSolution
		Debug|Any CPU = Debug|Any CPU
		Release|Any CPU = Release|Any CPU
	EndGlobalSection
	GlobalSection(ProjectConfigurationPlatforms) = postSolution
		{894DC01E-D7B3-478B-AD14-C7A0FBFE9DAE}.Debug|Any CPU.ActiveCfg = Debug|Any CPU
		{894DC01E-D7B3-478B-AD14-C7A0FBFE9DAE}.Debug|Any CPU.Build.0 = Debug|Any CPU
		{894DC01E-D7B3-478B-AD14-C7A0FBFE9DAE}.Release|Any CPU.ActiveCfg = Release|Any CPU
		{894DC01E-D7B3-478B-AD14-C7A0FBFE9DAE}.Release|Any CPU.Build.0 = Release|Any CPU
	EndGlobalSection
	GlobalSection(SolutionProperties) = preSolution
		HideSolutionNode = FALSE
	EndGlobalSection
	GlobalSection(ExtensibilityGlobals) = postSolution
		SolutionGuid = {41B73956-5E5D-4354-BF09-AD13625FAFBD}
	EndGlobalSection
EndGlobal
